// !$*UTF8*$!
{
	archiveVersion = 1;
	classes = {
	};
	objectVersion = 55;
	objects = {

/* Begin PBXBuildFile section */
		9B1AE52227AB3680009CB23A /* AppDelegate.swift in Sources */ = {isa = PBXBuildFile; fileRef = 9B1AE52127AB3680009CB23A /* AppDelegate.swift */; };
		9B1AE52427AB3680009CB23A /* SceneDelegate.swift in Sources */ = {isa = PBXBuildFile; fileRef = 9B1AE52327AB3680009CB23A /* SceneDelegate.swift */; };
		9B1AE52627AB3680009CB23A /* ContainerViewController.swift in Sources */ = {isa = PBXBuildFile; fileRef = 9B1AE52527AB3680009CB23A /* ContainerViewController.swift */; };
		9B1AE52927AB3680009CB23A /* Main.storyboard in Resources */ = {isa = PBXBuildFile; fileRef = 9B1AE52727AB3680009CB23A /* Main.storyboard */; };
		9B1AE52B27AB3681009CB23A /* Assets.xcassets in Resources */ = {isa = PBXBuildFile; fileRef = 9B1AE52A27AB3681009CB23A /* Assets.xcassets */; };
		9B1AE52E27AB3681009CB23A /* LaunchScreen.storyboard in Resources */ = {isa = PBXBuildFile; fileRef = 9B1AE52C27AB3681009CB23A /* LaunchScreen.storyboard */; };
		9B1AE53927AB3681009CB23A /* Swift_SideMenuTests.swift in Sources */ = {isa = PBXBuildFile; fileRef = 9B1AE53827AB3681009CB23A /* Swift_SideMenuTests.swift */; };
		9B1AE54327AB3681009CB23A /* Swift_SideMenuUITests.swift in Sources */ = {isa = PBXBuildFile; fileRef = 9B1AE54227AB3681009CB23A /* Swift_SideMenuUITests.swift */; };
		9B1AE54527AB3681009CB23A /* Swift_SideMenuUITestsLaunchTests.swift in Sources */ = {isa = PBXBuildFile; fileRef = 9B1AE54427AB3681009CB23A /* Swift_SideMenuUITestsLaunchTests.swift */; };
/* End PBXBuildFile section */

/* Begin PBXContainerItemProxy section */
		9B1AE53527AB3681009CB23A /* PBXContainerItemProxy */ = {
			isa = PBXContainerItemProxy;
			containerPortal = 9B1AE51627AB3680009CB23A /* Project object */;
			proxyType = 1;
			remoteGlobalIDString = 9B1AE51D27AB3680009CB23A;
			remoteInfo = Swift_SideMenu;
		};
		9B1AE53F27AB3681009CB23A /* PBXContainerItemProxy */ = {
			isa = PBXContainerItemProxy;
			containerPortal = 9B1AE51627AB3680009CB23A /* Project object */;
			proxyType = 1;
			remoteGlobalIDString = 9B1AE51D27AB3680009CB23A;
			remoteInfo = Swift_SideMenu;
		};
/* End PBXContainerItemProxy section */

/* Begin PBXFileReference section */
		9B1AE51E27AB3680009CB23A /* Swift_SideMenu.app */ = {isa = PBXFileReference; explicitFileType = wrapper.application; includeInIndex = 0; path = Swift_SideMenu.app; sourceTree = BUILT_PRODUCTS_DIR; };
		9B1AE52127AB3680009CB23A /* AppDelegate.swift */ = {isa = PBXFileReference; lastKnownFileType = sourcecode.swift; path = AppDelegate.swift; sourceTree = "<group>"; };
		9B1AE52327AB3680009CB23A /* SceneDelegate.swift */ = {isa = PBXFileReference; lastKnownFileType = sourcecode.swift; path = SceneDelegate.swift; sourceTree = "<group>"; };
		9B1AE52527AB3680009CB23A /* ContainerViewController.swift */ = {isa = PBXFileReference; lastKnownFileType = sourcecode.swift; path = ContainerViewController.swift; sourceTree = "<group>"; };
		9B1AE52827AB3680009CB23A /* Base */ = {isa = PBXFileReference; lastKnownFileType = file.storyboard; name = Base; path = Base.lproj/Main.storyboard; sourceTree = "<group>"; };
		9B1AE52A27AB3681009CB23A /* Assets.xcassets */ = {isa = PBXFileReference; lastKnownFileType = folder.assetcatalog; path = Assets.xcassets; sourceTree = "<group>"; };
		9B1AE52D27AB3681009CB23A /* Base */ = {isa = PBXFileReference; lastKnownFileType = file.storyboard; name = Base; path = Base.lproj/LaunchScreen.storyboard; sourceTree = "<group>"; };
		9B1AE52F27AB3681009CB23A /* Info.plist */ = {isa = PBXFileReference; lastKnownFileType = text.plist.xml; path = Info.plist; sourceTree = "<group>"; };
		9B1AE53427AB3681009CB23A /* Swift_SideMenuTests.xctest */ = {isa = PBXFileReference; explicitFileType = wrapper.cfbundle; includeInIndex = 0; path = Swift_SideMenuTests.xctest; sourceTree = BUILT_PRODUCTS_DIR; };
		9B1AE53827AB3681009CB23A /* Swift_SideMenuTests.swift */ = {isa = PBXFileReference; lastKnownFileType = sourcecode.swift; path = Swift_SideMenuTests.swift; sourceTree = "<group>"; };
		9B1AE53E27AB3681009CB23A /* Swift_SideMenuUITests.xctest */ = {isa = PBXFileReference; explicitFileType = wrapper.cfbundle; includeInIndex = 0; path = Swift_SideMenuUITests.xctest; sourceTree = BUILT_PRODUCTS_DIR; };
		9B1AE54227AB3681009CB23A /* Swift_SideMenuUITests.swift */ = {isa = PBXFileReference; lastKnownFileType = sourcecode.swift; path = Swift_SideMenuUITests.swift; sourceTree = "<group>"; };
		9B1AE54427AB3681009CB23A /* Swift_SideMenuUITestsLaunchTests.swift */ = {isa = PBXFileReference; lastKnownFileType = sourcecode.swift; path = Swift_SideMenuUITestsLaunchTests.swift; sourceTree = "<group>"; };
/* End PBXFileReference section */

/* Begin PBXFrameworksBuildPhase section */
		9B1AE51B27AB3680009CB23A /* Frameworks */ = {
			isa = PBXFrameworksBuildPhase;
			buildActionMask = 2147483647;
			files = (
			);
			runOnlyForDeploymentPostprocessing = 0;
		};
		9B1AE53127AB3681009CB23A /* Frameworks */ = {
			isa = PBXFrameworksBuildPhase;
			buildActionMask = 2147483647;
			files = (
			);
			runOnlyForDeploymentPostprocessing = 0;
		};
		9B1AE53B27AB3681009CB23A /* Frameworks */ = {
			isa = PBXFrameworksBuildPhase;
			buildActionMask = 2147483647;
			files = (
			);
			runOnlyForDeploymentPostprocessing = 0;
		};
/* End PBXFrameworksBuildPhase section */

/* Begin PBXGroup section */
		9B1AE51527AB3680009CB23A = {
			isa = PBXGroup;
			children = (
				9B1AE52027AB3680009CB23A /* Swift_SideMenu */,
				9B1AE53727AB3681009CB23A /* Swift_SideMenuTests */,
				9B1AE54127AB3681009CB23A /* Swift_SideMenuUITests */,
				9B1AE51F27AB3680009CB23A /* Products */,
			);
			sourceTree = "<group>";
		};
		9B1AE51F27AB3680009CB23A /* Products */ = {
			isa = PBXGroup;
			children = (
				9B1AE51E27AB3680009CB23A /* Swift_SideMenu.app */,
				9B1AE53427AB3681009CB23A /* Swift_SideMenuTests.xctest */,
				9B1AE53E27AB3681009CB23A /* Swift_SideMenuUITests.xctest */,
			);
			name = Products;
			sourceTree = "<group>";
		};
		9B1AE52027AB3680009CB23A /* Swift_SideMenu */ = {
			isa = PBXGroup;
			children = (
				9B1AE52127AB3680009CB23A /* AppDelegate.swift */,
				9B1AE52327AB3680009CB23A /* SceneDelegate.swift */,
				9B1AE52527AB3680009CB23A /* ContainerViewController.swift */,
				9B1AE52727AB3680009CB23A /* Main.storyboard */,
				9B1AE52A27AB3681009CB23A /* Assets.xcassets */,
				9B1AE52C27AB3681009CB23A /* LaunchScreen.storyboard */,
				9B1AE52F27AB3681009CB23A /* Info.plist */,
			);
			path = Swift_SideMenu;
			sourceTree = "<group>";
		};
		9B1AE53727AB3681009CB23A /* Swift_SideMenuTests */ = {
			isa = PBXGroup;
			children = (
				9B1AE53827AB3681009CB23A /* Swift_SideMenuTests.swift */,
			);
			path = Swift_SideMenuTests;
			sourceTree = "<group>";
		};
		9B1AE54127AB3681009CB23A /* Swift_SideMenuUITests */ = {
			isa = PBXGroup;
			children = (
				9B1AE54227AB3681009CB23A /* Swift_SideMenuUITests.swift */,
				9B1AE54427AB3681009CB23A /* Swift_SideMenuUITestsLaunchTests.swift */,
			);
			path = Swift_SideMenuUITests;
			sourceTree = "<group>";
		};
/* End PBXGroup section */

/* Begin PBXNativeTarget section */
		9B1AE51D27AB3680009CB23A /* Swift_SideMenu */ = {
			isa = PBXNativeTarget;
			buildConfigurationList = 9B1AE54827AB3681009CB23A /* Build configuration list for PBXNativeTarget "Swift_SideMenu" */;
			buildPhases = (
				9B1AE51A27AB3680009CB23A /* Sources */,
				9B1AE51B27AB3680009CB23A /* Frameworks */,
				9B1AE51C27AB3680009CB23A /* Resources */,
			);
			buildRules = (
			);
			dependencies = (
			);
			name = Swift_SideMenu;
			productName = Swift_SideMenu;
			productReference = 9B1AE51E27AB3680009CB23A /* Swift_SideMenu.app */;
			productType = "com.apple.product-type.application";
		};
		9B1AE53327AB3681009CB23A /* Swift_SideMenuTests */ = {
			isa = PBXNativeTarget;
			buildConfigurationList = 9B1AE54B27AB3681009CB23A /* Build configuration list for PBXNativeTarget "Swift_SideMenuTests" */;
			buildPhases = (
				9B1AE53027AB3681009CB23A /* Sources */,
				9B1AE53127AB3681009CB23A /* Frameworks */,
				9B1AE53227AB3681009CB23A /* Resources */,
			);
			buildRules = (
			);
			dependencies = (
				9B1AE53627AB3681009CB23A /* PBXTargetDependency */,
			);
			name = Swift_SideMenuTests;
			productName = Swift_SideMenuTests;
			productReference = 9B1AE53427AB3681009CB23A /* Swift_SideMenuTests.xctest */;
			productType = "com.apple.product-type.bundle.unit-test";
		};
		9B1AE53D27AB3681009CB23A /* Swift_SideMenuUITests */ = {
			isa = PBXNativeTarget;
			buildConfigurationList = 9B1AE54E27AB3681009CB23A /* Build configuration list for PBXNativeTarget "Swift_SideMenuUITests" */;
			buildPhases = (
				9B1AE53A27AB3681009CB23A /* Sources */,
				9B1AE53B27AB3681009CB23A /* Frameworks */,
				9B1AE53C27AB3681009CB23A /* Resources */,
			);
			buildRules = (
			);
			dependencies = (
				9B1AE54027AB3681009CB23A /* PBXTargetDependency */,
			);
			name = Swift_SideMenuUITests;
			productName = Swift_SideMenuUITests;
			productReference = 9B1AE53E27AB3681009CB23A /* Swift_SideMenuUITests.xctest */;
			productType = "com.apple.product-type.bundle.ui-testing";
		};
/* End PBXNativeTarget section */

/* Begin PBXProject section */
		9B1AE51627AB3680009CB23A /* Project object */ = {
			isa = PBXProject;
			attributes = {
				BuildIndependentTargetsInParallel = 1;
				LastSwiftUpdateCheck = 1310;
				LastUpgradeCheck = 1310;
				TargetAttributes = {
					9B1AE51D27AB3680009CB23A = {
						CreatedOnToolsVersion = 13.1;
					};
					9B1AE53327AB3681009CB23A = {
						CreatedOnToolsVersion = 13.1;
						TestTargetID = 9B1AE51D27AB3680009CB23A;
					};
					9B1AE53D27AB3681009CB23A = {
						CreatedOnToolsVersion = 13.1;
						TestTargetID = 9B1AE51D27AB3680009CB23A;
					};
				};
			};
			buildConfigurationList = 9B1AE51927AB3680009CB23A /* Build configuration list for PBXProject "Swift_SideMenu" */;
			compatibilityVersion = "Xcode 13.0";
			developmentRegion = en;
			hasScannedForEncodings = 0;
			knownRegions = (
				en,
				Base,
			);
			mainGroup = 9B1AE51527AB3680009CB23A;
			productRefGroup = 9B1AE51F27AB3680009CB23A /* Products */;
			projectDirPath = "";
			projectRoot = "";
			targets = (
				9B1AE51D27AB3680009CB23A /* Swift_SideMenu */,
				9B1AE53327AB3681009CB23A /* Swift_SideMenuTests */,
				9B1AE53D27AB3681009CB23A /* Swift_SideMenuUITests */,
			);
		};
/* End PBXProject section */

/* Begin PBXResourcesBuildPhase section */
		9B1AE51C27AB3680009CB23A /* Resources */ = {
			isa = PBXResourcesBuildPhase;
			buildActionMask = 2147483647;
			files = (
				9B1AE52E27AB3681009CB23A /* LaunchScreen.storyboard in Resources */,
				9B1AE52B27AB3681009CB23A /* Assets.xcassets in Resources */,
				9B1AE52927AB3680009CB23A /* Main.storyboard in Resources */,
			);
			runOnlyForDeploymentPostprocessing = 0;
		};
		9B1AE53227AB3681009CB23A /* Resources */ = {
			isa = PBXResourcesBuildPhase;
			buildActionMask = 2147483647;
			files = (
			);
			runOnlyForDeploymentPostprocessing = 0;
		};
		9B1AE53C27AB3681009CB23A /* Resources */ = {
			isa = PBXResourcesBuildPhase;
			buildActionMask = 2147483647;
			files = (
			);
			runOnlyForDeploymentPostprocessing = 0;
		};
/* End PBXResourcesBuildPhase section */

/* Begin PBXSourcesBuildPhase section */
		9B1AE51A27AB3680009CB23A /* Sources */ = {
			isa = PBXSourcesBuildPhase;
			buildActionMask = 2147483647;
			files = (
				9B1AE52627AB3680009CB23A /* ContainerViewController.swift in Sources */,
				9B1AE52227AB3680009CB23A /* AppDelegate.swift in Sources */,
				9B1AE52427AB3680009CB23A /* SceneDelegate.swift in Sources */,
			);
			runOnlyForDeploymentPostprocessing = 0;
		};
		9B1AE53027AB3681009CB23A /* Sources */ = {
			isa = PBXSourcesBuildPhase;
			buildActionMask = 2147483647;
			files = (
				9B1AE53927AB3681009CB23A /* Swift_SideMenuTests.swift in Sources */,
			);
			runOnlyForDeploymentPostprocessing = 0;
		};
		9B1AE53A27AB3681009CB23A /* Sources */ = {
			isa = PBXSourcesBuildPhase;
			buildActionMask = 2147483647;
			files = (
				9B1AE54527AB3681009CB23A /* Swift_SideMenuUITestsLaunchTests.swift in Sources */,
				9B1AE54327AB3681009CB23A /* Swift_SideMenuUITests.swift in Sources */,
			);
			runOnlyForDeploymentPostprocessing = 0;
		};
/* End PBXSourcesBuildPhase section */

/* Begin PBXTargetDependency section */
		9B1AE53627AB3681009CB23A /* PBXTargetDependency */ = {
			isa = PBXTargetDependency;
			target = 9B1AE51D27AB3680009CB23A /* Swift_SideMenu */;
			targetProxy = 9B1AE53527AB3681009CB23A /* PBXContainerItemProxy */;
		};
		9B1AE54027AB3681009CB23A /* PBXTargetDependency */ = {
			isa = PBXTargetDependency;
			target = 9B1AE51D27AB3680009CB23A /* Swift_SideMenu */;
			targetProxy = 9B1AE53F27AB3681009CB23A /* PBXContainerItemProxy */;
		};
/* End PBXTargetDependency section */

/* Begin PBXVariantGroup section */
		9B1AE52727AB3680009CB23A /* Main.storyboard */ = {
			isa = PBXVariantGroup;
			children = (
				9B1AE52827AB3680009CB23A /* Base */,
			);
			name = Main.storyboard;
			sourceTree = "<group>";
		};
		9B1AE52C27AB3681009CB23A /* LaunchScreen.storyboard */ = {
			isa = PBXVariantGroup;
			children = (
				9B1AE52D27AB3681009CB23A /* Base */,
			);
			name = LaunchScreen.storyboard;
			sourceTree = "<group>";
		};
/* End PBXVariantGroup section */

/* Begin XCBuildConfiguration section */
		9B1AE54627AB3681009CB23A /* Debug */ = {
			isa = XCBuildConfiguration;
			buildSettings = {
				ALWAYS_SEARCH_USER_PATHS = NO;
				CLANG_ANALYZER_NONNULL = YES;
				CLANG_ANALYZER_NUMBER_OBJECT_CONVERSION = YES_AGGRESSIVE;
				CLANG_CXX_LANGUAGE_STANDARD = "gnu++17";
				CLANG_CXX_LIBRARY = "libc++";
				CLANG_ENABLE_MODULES = YES;
				CLANG_ENABLE_OBJC_ARC = YES;
				CLANG_ENABLE_OBJC_WEAK = YES;
				CLANG_WARN_BLOCK_CAPTURE_AUTORELEASING = YES;
				CLANG_WARN_BOOL_CONVERSION = YES;
				CLANG_WARN_COMMA = YES;
				CLANG_WARN_CONSTANT_CONVERSION = YES;
				CLANG_WARN_DEPRECATED_OBJC_IMPLEMENTATIONS = YES;
				CLANG_WARN_DIRECT_OBJC_ISA_USAGE = YES_ERROR;
				CLANG_WARN_DOCUMENTATION_COMMENTS = YES;
				CLANG_WARN_EMPTY_BODY = YES;
				CLANG_WARN_ENUM_CONVERSION = YES;
				CLANG_WARN_INFINITE_RECURSION = YES;
				CLANG_WARN_INT_CONVERSION = YES;
				CLANG_WARN_NON_LITERAL_NULL_CONVERSION = YES;
				CLANG_WARN_OBJC_IMPLICIT_RETAIN_SELF = YES;
				CLANG_WARN_OBJC_LITERAL_CONVERSION = YES;
				CLANG_WARN_OBJC_ROOT_CLASS = YES_ERROR;
				CLANG_WARN_QUOTED_INCLUDE_IN_FRAMEWORK_HEADER = YES;
				CLANG_WARN_RANGE_LOOP_ANALYSIS = YES;
				CLANG_WARN_STRICT_PROTOTYPES = YES;
				CLANG_WARN_SUSPICIOUS_MOVE = YES;
				CLANG_WARN_UNGUARDED_AVAILABILITY = YES_AGGRESSIVE;
				CLANG_WARN_UNREACHABLE_CODE = YES;
				CLANG_WARN__DUPLICATE_METHOD_MATCH = YES;
				COPY_PHASE_STRIP = NO;
				DEBUG_INFORMATION_FORMAT = dwarf;
				ENABLE_STRICT_OBJC_MSGSEND = YES;
				ENABLE_TESTABILITY = YES;
				GCC_C_LANGUAGE_STANDARD = gnu11;
				GCC_DYNAMIC_NO_PIC = NO;
				GCC_NO_COMMON_BLOCKS = YES;
				GCC_OPTIMIZATION_LEVEL = 0;
				GCC_PREPROCESSOR_DEFINITIONS = (
					"DEBUG=1",
					"$(inherited)",
				);
				GCC_WARN_64_TO_32_BIT_CONVERSION = YES;
				GCC_WARN_ABOUT_RETURN_TYPE = YES_ERROR;
				GCC_WARN_UNDECLARED_SELECTOR = YES;
				GCC_WARN_UNINITIALIZED_AUTOS = YES_AGGRESSIVE;
				GCC_WARN_UNUSED_FUNCTION = YES;
				GCC_WARN_UNUSED_VARIABLE = YES;
				IPHONEOS_DEPLOYMENT_TARGET = 15.0;
				MTL_ENABLE_DEBUG_INFO = INCLUDE_SOURCE;
				MTL_FAST_MATH = YES;
				ONLY_ACTIVE_ARCH = YES;
				SDKROOT = iphoneos;
				SWIFT_ACTIVE_COMPILATION_CONDITIONS = DEBUG;
				SWIFT_OPTIMIZATION_LEVEL = "-Onone";
			};
			name = Debug;
		};
		9B1AE54727AB3681009CB23A /* Release */ = {
			isa = XCBuildConfiguration;
			buildSettings = {
				ALWAYS_SEARCH_USER_PATHS = NO;
				CLANG_ANALYZER_NONNULL = YES;
				CLANG_ANALYZER_NUMBER_OBJECT_CONVERSION = YES_AGGRESSIVE;
				CLANG_CXX_LANGUAGE_STANDARD = "gnu++17";
				CLANG_CXX_LIBRARY = "libc++";
				CLANG_ENABLE_MODULES = YES;
				CLANG_ENABLE_OBJC_ARC = YES;
				CLANG_ENABLE_OBJC_WEAK = YES;
				CLANG_WARN_BLOCK_CAPTURE_AUTORELEASING = YES;
				CLANG_WARN_BOOL_CONVERSION = YES;
				CLANG_WARN_COMMA = YES;
				CLANG_WARN_CONSTANT_CONVERSION = YES;
				CLANG_WARN_DEPRECATED_OBJC_IMPLEMENTATIONS = YES;
				CLANG_WARN_DIRECT_OBJC_ISA_USAGE = YES_ERROR;
				CLANG_WARN_DOCUMENTATION_COMMENTS = YES;
				CLANG_WARN_EMPTY_BODY = YES;
				CLANG_WARN_ENUM_CONVERSION = YES;
				CLANG_WARN_INFINITE_RECURSION = YES;
				CLANG_WARN_INT_CONVERSION = YES;
				CLANG_WARN_NON_LITERAL_NULL_CONVERSION = YES;
				CLANG_WARN_OBJC_IMPLICIT_RETAIN_SELF = YES;
				CLANG_WARN_OBJC_LITERAL_CONVERSION = YES;
				CLANG_WARN_OBJC_ROOT_CLASS = YES_ERROR;
				CLANG_WARN_QUOTED_INCLUDE_IN_FRAMEWORK_HEADER = YES;
				CLANG_WARN_RANGE_LOOP_ANALYSIS = YES;
				CLANG_WARN_STRICT_PROTOTYPES = YES;
				CLANG_WARN_SUSPICIOUS_MOVE = YES;
				CLANG_WARN_UNGUARDED_AVAILABILITY = YES_AGGRESSIVE;
				CLANG_WARN_UNREACHABLE_CODE = YES;
				CLANG_WARN__DUPLICATE_METHOD_MATCH = YES;
				COPY_PHASE_STRIP = NO;
				DEBUG_INFORMATION_FORMAT = "dwarf-with-dsym";
				ENABLE_NS_ASSERTIONS = NO;
				ENABLE_STRICT_OBJC_MSGSEND = YES;
				GCC_C_LANGUAGE_STANDARD = gnu11;
				GCC_NO_COMMON_BLOCKS = YES;
				GCC_WARN_64_TO_32_BIT_CONVERSION = YES;
				GCC_WARN_ABOUT_RETURN_TYPE = YES_ERROR;
				GCC_WARN_UNDECLARED_SELECTOR = YES;
				GCC_WARN_UNINITIALIZED_AUTOS = YES_AGGRESSIVE;
				GCC_WARN_UNUSED_FUNCTION = YES;
				GCC_WARN_UNUSED_VARIABLE = YES;
				IPHONEOS_DEPLOYMENT_TARGET = 15.0;
				MTL_ENABLE_DEBUG_INFO = NO;
				MTL_FAST_MATH = YES;
				SDKROOT = iphoneos;
				SWIFT_COMPILATION_MODE = wholemodule;
				SWIFT_OPTIMIZATION_LEVEL = "-O";
				VALIDATE_PRODUCT = YES;
			};
			name = Release;
		};
		9B1AE54927AB3681009CB23A /* Debug */ = {
			isa = XCBuildConfiguration;
			buildSettings = {
				ASSETCATALOG_COMPILER_APPICON_NAME = AppIcon;
				ASSETCATALOG_COMPILER_GLOBAL_ACCENT_COLOR_NAME = AccentColor;
				CODE_SIGN_STYLE = Automatic;
				CURRENT_PROJECT_VERSION = 1;
				DEVELOPMENT_TEAM = JUG5Q2JKZC;
				GENERATE_INFOPLIST_FILE = YES;
				INFOPLIST_FILE = Swift_SideMenu/Info.plist;
				INFOPLIST_KEY_UIApplicationSupportsIndirectInputEvents = YES;
				INFOPLIST_KEY_UILaunchStoryboardName = LaunchScreen;
				INFOPLIST_KEY_UIMainStoryboardFile = Main;
				INFOPLIST_KEY_UISupportedInterfaceOrientations_iPad = "UIInterfaceOrientationPortrait UIInterfaceOrientationPortraitUpsideDown UIInterfaceOrientationLandscapeLeft UIInterfaceOrientationLandscapeRight";
				INFOPLIST_KEY_UISupportedInterfaceOrientations_iPhone = "UIInterfaceOrientationPortrait UIInterfaceOrientationLandscapeLeft UIInterfaceOrientationLandscapeRight";
				IPHONEOS_DEPLOYMENT_TARGET = 14.2;
				LD_RUNPATH_SEARCH_PATHS = (
					"$(inherited)",
					"@executable_path/Frameworks",
				);
				MARKETING_VERSION = 1.0;
				PRODUCT_BUNDLE_IDENTIFIER = "com.app.swift.Swift-SideMenu";
				PRODUCT_NAME = "$(TARGET_NAME)";
				SWIFT_EMIT_LOC_STRINGS = YES;
				SWIFT_VERSION = 5.0;
				TARGETED_DEVICE_FAMILY = "1,2";
			};
			name = Debug;
		};
		9B1AE54A27AB3681009CB23A /* Release */ = {
			isa = XCBuildConfiguration;
			buildSettings = {
				ASSETCATALOG_COMPILER_APPICON_NAME = AppIcon;
				ASSETCATALOG_COMPILER_GLOBAL_ACCENT_COLOR_NAME = AccentColor;
				CODE_SIGN_STYLE = Automatic;
				CURRENT_PROJECT_VERSION = 1;
				DEVELOPMENT_TEAM = JUG5Q2JKZC;
				GENERATE_INFOPLIST_FILE = YES;
				INFOPLIST_FILE = Swift_SideMenu/Info.plist;
				INFOPLIST_KEY_UIApplicationSupportsIndirectInputEvents = YES;
				INFOPLIST_KEY_UILaunchStoryboardName = LaunchScreen;
				INFOPLIST_KEY_UIMainStoryboardFile = Main;
				INFOPLIST_KEY_UISupportedInterfaceOrientations_iPad = "UIInterfaceOrientationPortrait UIInterfaceOrientationPortraitUpsideDown UIInterfaceOrientationLandscapeLeft UIInterfaceOrientationLandscapeRight";
				INFOPLIST_KEY_UISupportedInterfaceOrientations_iPhone = "UIInterfaceOrientationPortrait UIInterfaceOrientationLandscapeLeft UIInterfaceOrientationLandscapeRight";
				IPHONEOS_DEPLOYMENT_TARGET = 14.2;
				LD_RUNPATH_SEARCH_PATHS = (
					"$(inherited)",
					"@executable_path/Frameworks",
				);
				MARKETING_VERSION = 1.0;
				PRODUCT_BUNDLE_IDENTIFIER = "com.app.swift.Swift-SideMenu";
				PRODUCT_NAME = "$(TARGET_NAME)";
				SWIFT_EMIT_LOC_STRINGS = YES;
				SWIFT_VERSION = 5.0;
				TARGETED_DEVICE_FAMILY = "1,2";
			};
			name = Release;
		};
		9B1AE54C27AB3681009CB23A /* Debug */ = {
			isa = XCBuildConfiguration;
			buildSettings = {
				ALWAYS_EMBED_SWIFT_STANDARD_LIBRARIES = YES;
				BUNDLE_LOADER = "$(TEST_HOST)";
				CODE_SIGN_STYLE = Automatic;
				CURRENT_PROJECT_VERSION = 1;
				DEVELOPMENT_TEAM = JUG5Q2JKZC;
				GENERATE_INFOPLIST_FILE = YES;
				IPHONEOS_DEPLOYMENT_TARGET = 15.0;
				LD_RUNPATH_SEARCH_PATHS = (
					"$(inherited)",
					"@executable_path/Frameworks",
					"@loader_path/Frameworks",
				);
				MARKETING_VERSION = 1.0;
				PRODUCT_BUNDLE_IDENTIFIER = "com.app.swift.Swift-SideMenuTests";
				PRODUCT_NAME = "$(TARGET_NAME)";
				SWIFT_EMIT_LOC_STRINGS = NO;
				SWIFT_VERSION = 5.0;
				TARGETED_DEVICE_FAMILY = "1,2";
				TEST_HOST = "$(BUILT_PRODUCTS_DIR)/Swift_SideMenu.app/Swift_SideMenu";
			};
			name = Debug;
		};
		9B1AE54D27AB3681009CB23A /* Release */ = {
			isa = XCBuildConfiguration;
			buildSettings = {
				ALWAYS_EMBED_SWIFT_STANDARD_LIBRARIES = YES;
				BUNDLE_LOADER = "$(TEST_HOST)";
				CODE_SIGN_STYLE = Automatic;
				CURRENT_PROJECT_VERSION = 1;
				DEVELOPMENT_TEAM = JUG5Q2JKZC;
				GENERATE_INFOPLIST_FILE = YES;
				IPHONEOS_DEPLOYMENT_TARGET = 15.0;
				LD_RUNPATH_SEARCH_PATHS = (
					"$(inherited)",
					"@executable_path/Frameworks",
					"@loader_path/Frameworks",
				);
				MARKETING_VERSION = 1.0;
				PRODUCT_BUNDLE_IDENTIFIER = "com.app.swift.Swift-SideMenuTests";
				PRODUCT_NAME = "$(TARGET_NAME)";
				SWIFT_EMIT_LOC_STRINGS = NO;
				SWIFT_VERSION = 5.0;
				TARGETED_DEVICE_FAMILY = "1,2";
				TEST_HOST = "$(BUILT_PRODUCTS_DIR)/Swift_SideMenu.app/Swift_SideMenu";
			};
			name = Release;
		};
		9B1AE54F27AB3681009CB23A /* Debug */ = {
			isa = XCBuildConfiguration;
			buildSettings = {
				ALWAYS_EMBED_SWIFT_STANDARD_LIBRARIES = YES;
				CODE_SIGN_STYLE = Automatic;
				CURRENT_PROJECT_VERSION = 1;
				DEVELOPMENT_TEAM = JUG5Q2JKZC;
				GENERATE_INFOPLIST_FILE = YES;
				LD_RUNPATH_SEARCH_PATHS = (
					"$(inherited)",
					"@executable_path/Frameworks",
					"@loader_path/Frameworks",
				);
				MARKETING_VERSION = 1.0;
				PRODUCT_BUNDLE_IDENTIFIER = "com.app.swift.Swift-SideMenuUITests";
				PRODUCT_NAME = "$(TARGET_NAME)";
				SWIFT_EMIT_LOC_STRINGS = NO;
				SWIFT_VERSION = 5.0;
				TARGETED_DEVICE_FAMILY = "1,2";
				TEST_TARGET_NAME = Swift_SideMenu;
			};
			name = Debug;
		};
		9B1AE55027AB3681009CB23A /* Release */ = {
			isa = XCBuildConfiguration;
			buildSettings = {
				ALWAYS_EMBED_SWIFT_STANDARD_LIBRARIES = YES;
				CODE_SIGN_STYLE = Automatic;
				CURRENT_PROJECT_VERSION = 1;
				DEVELOPMENT_TEAM = JUG5Q2JKZC;
				GENERATE_INFOPLIST_FILE = YES;
				LD_RUNPATH_SEARCH_PATHS = (
					"$(inherited)",
					"@executable_path/Frameworks",
					"@loader_path/Frameworks",
				);
				MARKETING_VERSION = 1.0;
				PRODUCT_BUNDLE_IDENTIFIER = "com.app.swift.Swift-SideMenuUITests";
				PRODUCT_NAME = "$(TARGET_NAME)";
				SWIFT_EMIT_LOC_STRINGS = NO;
				SWIFT_VERSION = 5.0;
				TARGETED_DEVICE_FAMILY = "1,2";
				TEST_TARGET_NAME = Swift_SideMenu;
			};
			name = Release;
		};
/* End XCBuildConfiguration section */

/* Begin XCConfigurationList section */
		9B1AE51927AB3680009CB23A /* Build configuration list for PBXProject "Swift_SideMenu" */ = {
			isa = XCConfigurationList;
			buildConfigurations = (
				9B1AE54627AB3681009CB23A /* Debug */,
				9B1AE54727AB3681009CB23A /* Release */,
			);
			defaultConfigurationIsVisible = 0;
			defaultConfigurationName = Release;
		};
		9B1AE54827AB3681009CB23A /* Build configuration list for PBXNativeTarget "Swift_SideMenu" */ = {
			isa = XCConfigurationList;
			buildConfigurations = (
				9B1AE54927AB3681009CB23A /* Debug */,
				9B1AE54A27AB3681009CB23A /* Release */,
			);
			defaultConfigurationIsVisible = 0;
			defaultConfigurationName = Release;
		};
		9B1AE54B27AB3681009CB23A /* Build configuration list for PBXNativeTarget "Swift_SideMenuTests" */ = {
			isa = XCConfigurationList;
			buildConfigurations = (
				9B1AE54C27AB3681009CB23A /* Debug */,
				9B1AE54D27AB3681009CB23A /* Release */,
			);
			defaultConfigurationIsVisible = 0;
			defaultConfigurationName = Release;
		};
		9B1AE54E27AB3681009CB23A /* Build configuration list for PBXNativeTarget "Swift_SideMenuUITests" */ = {
			isa = XCConfigurationList;
			buildConfigurations = (
				9B1AE54F27AB3681009CB23A /* Debug */,
				9B1AE55027AB3681009CB23A /* Release */,
			);
			defaultConfigurationIsVisible = 0;
			defaultConfigurationName = Release;
		};
/* End XCConfigurationList section */
	};
	rootObject = 9B1AE51627AB3680009CB23A /* Project object */;
}
